
Microsoft Visual Studio Solution File, Format Version 12.00
# Visual Studio 14
VisualStudioVersion = 14.0.24720.0
MinimumVisualStudioVersion = 10.0.40219.1
Project("{FAE04EC0-301F-11D3-BF4B-00C04F79EFBC}") = "Conditions", "Conditions\Conditions.csproj", "{99A40737-7476-4970-9ABB-826F181132D9}"
EndProject
Project("{FAE04EC0-301F-11D3-BF4B-00C04F79EFBC}") = "Switch", "Switch\Switch.csproj", "{4425A224-61F1-4DEB-84C2-B6D1B285E3BB}"
EndProject
Project("{FAE04EC0-301F-11D3-BF4B-00C04F79EFBC}") = "Loops", "Loops\Loops.csproj", "{84799E46-0E5B-496B-ABFA-9934D7AD3AA2}"
EndProject
Project("{FAE04EC0-301F-11D3-BF4B-00C04F79EFBC}") = "Program", "Program\Program.csproj", "{E2D27149-C24E-40BE-9E31-2EAC38A7DA26}"
EndProject
Global
	GlobalSection(SolutionConfigurationPlatforms) = preSolution
		Debug|Any CPU = Debug|Any CPU
		Release|Any CPU = Release|Any CPU
	EndGlobalSection
	GlobalSection(ProjectConfigurationPlatforms) = postSolution
		{99A40737-7476-4970-9ABB-826F181132D9}.Debug|Any CPU.ActiveCfg = Debug|Any CPU
		{99A40737-7476-4970-9ABB-826F181132D9}.Debug|Any CPU.Build.0 = Debug|Any CPU
		{99A40737-7476-4970-9ABB-826F181132D9}.Release|Any CPU.ActiveCfg = Release|Any CPU
		{99A40737-7476-4970-9ABB-826F181132D9}.Release|Any CPU.Build.0 = Release|Any CPU
		{4425A224-61F1-4DEB-84C2-B6D1B285E3BB}.Debug|Any CPU.ActiveCfg = Debug|Any CPU
		{4425A224-61F1-4DEB-84C2-B6D1B285E3BB}.Debug|Any CPU.Build.0 = Debug|Any CPU
		{4425A224-61F1-4DEB-84C2-B6D1B285E3BB}.Release|Any CPU.ActiveCfg = Release|Any CPU
		{4425A224-61F1-4DEB-84C2-B6D1B285E3BB}.Release|Any CPU.Build.0 = Release|Any CPU
		{84799E46-0E5B-496B-ABFA-9934D7AD3AA2}.Debug|Any CPU.ActiveCfg = Debug|Any CPU
		{84799E46-0E5B-496B-ABFA-9934D7AD3AA2}.Debug|Any CPU.Build.0 = Debug|Any CPU
		{84799E46-0E5B-496B-ABFA-9934D7AD3AA2}.Release|Any CPU.ActiveCfg = Release|Any CPU
		{84799E46-0E5B-496B-ABFA-9934D7AD3AA2}.Release|Any CPU.Build.0 = Release|Any CPU
		{E2D27149-C24E-40BE-9E31-2EAC38A7DA26}.Debug|Any CPU.ActiveCfg = Debug|Any CPU
		{E2D27149-C24E-40BE-9E31-2EAC38A7DA26}.Debug|Any CPU.Build.0 = Debug|Any CPU
		{E2D27149-C24E-40BE-9E31-2EAC38A7DA26}.Release|Any CPU.ActiveCfg = Release|Any CPU
		{E2D27149-C24E-40BE-9E31-2EAC38A7DA26}.Release|Any CPU.Build.0 = Release|Any CPU
	EndGlobalSection
	GlobalSection(SolutionProperties) = preSolution
		HideSolutionNode = FALSE
	EndGlobalSection
EndGlobal
